
Microsoft Visual Studio Solution File, Format Version 12.00
# Visual Studio Version 16
VisualStudioVersion = 16.0.31729.503
MinimumVisualStudioVersion = 10.0.40219.1
Project("{8BC9CEB8-8B4A-11D0-8D11-00A0C91BC942}") = "Step 8 - Deg to Rad", "Step 8 - Deg to Rad\Step 8 - Deg to Rad.vcxproj", "{849E320B-A8DF-44DE-8AF2-E27107E25176}"
EndProject
Global
	GlobalSection(SolutionConfigurationPlatforms) = preSolution
		Debug|x64 = Debug|x64
		Debug|x86 = Debug|x86
		Release|x64 = Release|x64
		Release|x86 = Release|x86
	EndGlobalSection
	GlobalSection(ProjectConfigurationPlatforms) = postSolution
		{849E320B-A8DF-44DE-8AF2-E27107E25176}.Debug|x64.ActiveCfg = Debug|x64
		{849E320B-A8DF-44DE-8AF2-E27107E25176}.Debug|x64.Build.0 = Debug|x64
		{849E320B-A8DF-44DE-8AF2-E27107E25176}.Debug|x86.ActiveCfg = Debug|Win32
		{849E320B-A8DF-44DE-8AF2-E27107E25176}.Debug|x86.Build.0 = Debug|Win32
		{849E320B-A8DF-44DE-8AF2-E27107E25176}.Release|x64.ActiveCfg = Release|x64
		{849E320B-A8DF-44DE-8AF2-E27107E25176}.Release|x64.Build.0 = Release|x64
		{849E320B-A8DF-44DE-8AF2-E27107E25176}.Release|x86.ActiveCfg = Release|Win32
		{849E320B-A8DF-44DE-8AF2-E27107E25176}.Release|x86.Build.0 = Release|Win32
	EndGlobalSection
	GlobalSection(SolutionProperties) = preSolution
		HideSolutionNode = FALSE
	EndGlobalSection
	GlobalSection(ExtensibilityGlobals) = postSolution
		SolutionGuid = {A2B29504-3A52-4836-BA1F-AD43DE1A36BD}
	EndGlobalSection
EndGlobal
